PODS:
  - Alamofire (4.7.1)
  - SDWebImage (4.3.3):
    - SDWebImage/Core (= 4.3.3)
  - SDWebImage/Core (4.3.3)
  - SVProgressHUD (2.2.5)
  - SwiftyJSON (3.1.4)
  - SWRevealViewController (2.3.0)

DEPENDENCIES:
  - Alamofire
  - SDWebImage
  - SVProgressHUD
  - SwiftyJSON (= 3.1.4)
  - SWRevealViewController

SPEC REPOS:
  https://github.com/CocoaPods/Specs.git:
    - Alamofire
    - SDWebImage
    - SVProgressHUD
    - SwiftyJSON
    - SWRevealViewController

SPEC CHECKSUMS:
  Alamofire: 68d7d521118d49c615a8d2214d87cdf525599d30
  SDWebImage: de4d90b5bff3571eae7bd16202b1f43135409fa5
  SVProgressHUD: 1428aafac632c1f86f62aa4243ec12008d7a51d6
  SwiftyJSON: c2842d878f95482ffceec5709abc3d05680c0220
  SWRevealViewController: 6d3fd97f70112fd7cef9de14df4260eacce4c63a

PODFILE CHECKSUM: d6930c4f75401803ee555d60628823581b7dd523

COCOAPODS: 1.5.0
